
Microsoft Visual Studio Solution File, Format Version 12.00
# Visual Studio Version 17
VisualStudioVersion = 17.6.33723.286
MinimumVisualStudioVersion = 10.0.40219.1
Project("{FAE04EC0-301F-11D3-BF4B-00C04F79EFBC}") = "RegistroEmpleado", "RegistroEmpleado\RegistroEmpleado.csproj", "{9F87829A-5734-40A7-9F4E-DE4CCBF27289}"
EndProject
Global
	GlobalSection(SolutionConfigurationPlatforms) = preSolution
		Debug|Any CPU = Debug|Any CPU
		Release|Any CPU = Release|Any CPU
	EndGlobalSection
	GlobalSection(ProjectConfigurationPlatforms) = postSolution
		{9F87829A-5734-40A7-9F4E-DE4CCBF27289}.Debug|Any CPU.ActiveCfg = Debug|Any CPU
		{9F87829A-5734-40A7-9F4E-DE4CCBF27289}.Debug|Any CPU.Build.0 = Debug|Any CPU
		{9F87829A-5734-40A7-9F4E-DE4CCBF27289}.Release|Any CPU.ActiveCfg = Release|Any CPU
		{9F87829A-5734-40A7-9F4E-DE4CCBF27289}.Release|Any CPU.Build.0 = Release|Any CPU
	EndGlobalSection
	GlobalSection(SolutionProperties) = preSolution
		HideSolutionNode = FALSE
	EndGlobalSection
	GlobalSection(ExtensibilityGlobals) = postSolution
		SolutionGuid = {28D0CBC2-635D-441C-95B8-BBAF58AC7085}
	EndGlobalSection
EndGlobal
